{
  "name": "l",
  "version": "1.0.0",
  "lockfileVersion": 2,
  "requires": true,
  "packages": {
    "": {
      "name": "l",
      "version": "1.0.0",
      "license": "ISC",
      "dependencies": {
        "@dittolive/ditto": "^1.1.5"
      }
    },
    "node_modules/@dittolive/ditto": {
      "version": "1.1.5",
      "resolved": "https://registry.npmjs.org/@dittolive/ditto/-/ditto-1.1.5.tgz",
      "integrity": "sha512-D2n9k2Z60hmR9H1f+QdSOtD81QMmAkkMIf5528BrM/DlOKcwswCR/vmVAGBHuZ4j/2PLgtX7eGcQqGe036jiWw==",
      "engines": {
        "node": ">=14"
      }
    }
  },
  "dependencies": {
    "@dittolive/ditto": {
      "version": "1.1.5",
      "resolved": "https://registry.npmjs.org/@dittolive/ditto/-/ditto-1.1.5.tgz",
      "integrity": "sha512-D2n9k2Z60hmR9H1f+QdSOtD81QMmAkkMIf5528BrM/DlOKcwswCR/vmVAGBHuZ4j/2PLgtX7eGcQqGe036jiWw=="
    }
  }
}
